<?xml version="1.0" encoding="utf-8"?>
<Project ToolsVersion="4.0" xmlns="http://schemas.microsoft.com/developer/msbuild/2003">
  <ItemGroup>
    <Filter Include="Source Files">
      <UniqueIdentifier>{4FC737F1-C7A5-4376-A066-2A32D752A2FF}</UniqueIdentifier>
      <Extensions>cpp;c;cc;cxx;c++;cppm;ixx;def;odl;idl;hpj;bat;asm;asmx</Extensions>
    </Filter>
    <Filter Include="Header Files">
      <UniqueIdentifier>{93995380-89BD-4b04-88EB-625FBE52EBFB}</UniqueIdentifier>
      <Extensions>h;hh;hpp;hxx;h++;hm;inl;inc;ipp;xsd</Extensions>
    </Filter>
    <Filter Include="Resource Files">
      <UniqueIdentifier>{67DA6AB6-F800-4c08-8B7A-83BB121AAD01}</UniqueIdentifier>
      <Extensions>rc;ico;cur;bmp;dlg;rc2;rct;bin;rgs;gif;jpg;jpeg;jpe;resx;tiff;tif;png;wav;mfcribbon-ms</Extensions>
    </Filter>
  </ItemGroup>
  <ItemGroup>
    <ClCompile Include="Demo\FilledBlend.ixx">
      <Filter>Source Files</Filter>
    </ClCompile>
    <ClCompile Include="Demo\FilledMulti.ixx">
      <Filter>Source Files</Filter>
    </ClCompile>
    <ClCompile Include="Demo\FilledSingle.ixx">
      <Filter>Source Files</Filter>
    </ClCompile>
    <ClCompile Include="Demo\HollowBlend.ixx">
      <Filter>Source Files</Filter>
    </ClCompile>
    <ClCompile Include="Demo\HollowMulti.ixx">
      <Filter>Source Files</Filter>
    </ClCompile>
    <ClCompile Include="Demo\HollowSingle.ixx">
      <Filter>Source Files</Filter>
    </ClCompile>
    <ClCompile Include="Entity\StarStyle\Color\Blend.ixx">
      <Filter>Source Files</Filter>
    </ClCompile>
    <ClCompile Include="Entity\StarStyle\Color\ColoringBase.ixx">
      <Filter>Source Files</Filter>
    </ClCompile>
    <ClCompile Include="Entity\StarStyle\Color\Color.ixx">
      <Filter>Source Files</Filter>
    </ClCompile>
    <ClCompile Include="Entity\StarStyle\Color\Base.ixx">
      <Filter>Source Files</Filter>
    </ClCompile>
    <ClCompile Include="Entity\StarStyle\Color\Multi.ixx">
      <Filter>Source Files</Filter>
    </ClCompile>
    <ClCompile Include="Entity\StarStyle\Color\Single.ixx">
      <Filter>Source Files</Filter>
    </ClCompile>
    <ClCompile Include="Entity\StarStyle\Fill\Filled.ixx">
      <Filter>Source Files</Filter>
    </ClCompile>
    <ClCompile Include="Entity\StarStyle\Fill\Hollow.ixx">
      <Filter>Source Files</Filter>
    </ClCompile>
    <ClCompile Include="Entity\StarStyle\Fill\Fill.ixx">
      <Filter>Source Files</Filter>
    </ClCompile>
    <ClCompile Include="Entity\StarStyle\Style.ixx">
      <Filter>Source Files</Filter>
    </ClCompile>
    <ClCompile Include="Entity\Star.ixx">
      <Filter>Source Files</Filter>
    </ClCompile>
    <ClCompile Include="Entity\StarBase.ixx">
      <Filter>Source Files</Filter>
    </ClCompile>
    <ClCompile Include="Entity\Entity.ixx">
      <Filter>Source Files</Filter>
    </ClCompile>
    <ClCompile Include="View\Camera.ixx">
      <Filter>Source Files</Filter>
    </ClCompile>
    <ClCompile Include="View\View.ixx">
      <Filter>Source Files</Filter>
    </ClCompile>
    <ClCompile Include="Game.ixx">
      <Filter>Source Files</Filter>
    </ClCompile>
    <ClCompile Include="StarFactory.ixx">
      <Filter>Source Files</Filter>
    </ClCompile>
    <ClCompile Include="wWinMain.cpp">
      <Filter>Source Files</Filter>
    </ClCompile>
    <ClCompile Include="Demo\Demo.ixx">
      <Filter>Source Files</Filter>
    </ClCompile>
    <ClCompile Include="View\Camera.cxx">
      <Filter>Source Files</Filter>
    </ClCompile>
    <ClCompile Include="Entity\StarStyle\Fill\Base.ixx">
      <Filter>Source Files</Filter>
    </ClCompile>
  </ItemGroup>
  <ItemGroup>
    <FxCompile Include="Demo\Shader\PSColorBlend.hlsl" />
    <FxCompile Include="Demo\Shader\PSColorMulti.hlsl" />
    <FxCompile Include="Demo\Shader\PSColorSingle.hlsl" />
    <FxCompile Include="Demo\Shader\VSColorBlend.hlsl" />
    <FxCompile Include="Demo\Shader\VSColorMulti.hlsl" />
    <FxCompile Include="Demo\Shader\VSColorSingle.hlsl" />
  </ItemGroup>
  <ItemGroup>
    <ClInclude Include="StarRealmNamespaces.hpp">
      <Filter>Header Files</Filter>
    </ClInclude>
  </ItemGroup>
</Project>