<?xml version="1.0" encoding="utf-8"?>
<Project ToolsVersion="4.0" xmlns="http://schemas.microsoft.com/developer/msbuild/2003">
  <ItemGroup>
    <Filter Include="Source Files">
      <UniqueIdentifier>{4FC737F1-C7A5-4376-A066-2A32D752A2FF}</UniqueIdentifier>
      <Extensions>cpp;c;cc;cxx;c++;cppm;ixx;def;odl;idl;hpj;bat;asm;asmx</Extensions>
    </Filter>
    <Filter Include="Header Files">
      <UniqueIdentifier>{93995380-89BD-4b04-88EB-625FBE52EBFB}</UniqueIdentifier>
      <Extensions>h;hh;hpp;hxx;h++;hm;inl;inc;ipp;xsd</Extensions>
    </Filter>
    <Filter Include="Resource Files">
      <UniqueIdentifier>{67DA6AB6-F800-4c08-8B7A-83BB121AAD01}</UniqueIdentifier>
      <Extensions>rc;ico;cur;bmp;dlg;rc2;rct;bin;rgs;gif;jpg;jpeg;jpe;resx;tiff;tif;png;wav;mfcribbon-ms</Extensions>
    </Filter>
  </ItemGroup>
  <ItemGroup>
    <ClCompile Include="wWinMain.cpp">
      <Filter>Source Files</Filter>
    </ClCompile>
    <ClCompile Include="Win32_\DirectX11\Bindable\Bindable.cpp">
      <Filter>Source Files</Filter>
    </ClCompile>
    <ClCompile Include="Win32_\DirectX11\Bindable\Bindable.ixx">
      <Filter>Source Files</Filter>
    </ClCompile>
    <ClCompile Include="Win32_\DirectX11\Bindable\CBuffer.ixx">
      <Filter>Source Files</Filter>
    </ClCompile>
    <ClCompile Include="Win32_\DirectX11\Bindable\IndexBuffer.cpp">
      <Filter>Source Files</Filter>
    </ClCompile>
    <ClCompile Include="Win32_\DirectX11\Bindable\IndexBuffer.ixx">
      <Filter>Source Files</Filter>
    </ClCompile>
    <ClCompile Include="Win32_\DirectX11\Bindable\InputLayout.cpp">
      <Filter>Source Files</Filter>
    </ClCompile>
    <ClCompile Include="Win32_\DirectX11\Bindable\InputLayout.ixx">
      <Filter>Source Files</Filter>
    </ClCompile>
    <ClCompile Include="Win32_\DirectX11\Bindable\PixelCBuffer.ixx">
      <Filter>Source Files</Filter>
    </ClCompile>
    <ClCompile Include="Win32_\DirectX11\Bindable\PixelShader.cpp">
      <Filter>Source Files</Filter>
    </ClCompile>
    <ClCompile Include="Win32_\DirectX11\Bindable\PixelShader.ixx">
      <Filter>Source Files</Filter>
    </ClCompile>
    <ClCompile Include="Win32_\DirectX11\Bindable\Topology.cpp">
      <Filter>Source Files</Filter>
    </ClCompile>
    <ClCompile Include="Win32_\DirectX11\Bindable\Topology.ixx">
      <Filter>Source Files</Filter>
    </ClCompile>
    <ClCompile Include="Win32_\DirectX11\Bindable\TransformCBuffer.cpp">
      <Filter>Source Files</Filter>
    </ClCompile>
    <ClCompile Include="Win32_\DirectX11\Bindable\TransformCBuffer.ixx">
      <Filter>Source Files</Filter>
    </ClCompile>
    <ClCompile Include="Win32_\DirectX11\Bindable\VertexBuffer.cpp">
      <Filter>Source Files</Filter>
    </ClCompile>
    <ClCompile Include="Win32_\DirectX11\Bindable\VertexBuffer.ixx">
      <Filter>Source Files</Filter>
    </ClCompile>
    <ClCompile Include="Win32_\DirectX11\Bindable\VertexCBuffer.ixx">
      <Filter>Source Files</Filter>
    </ClCompile>
    <ClCompile Include="Win32_\DirectX11\Bindable\VertexShader.cpp">
      <Filter>Source Files</Filter>
    </ClCompile>
    <ClCompile Include="Win32_\DirectX11\Bindable\VertexShader.ixx">
      <Filter>Source Files</Filter>
    </ClCompile>
    <ClCompile Include="Game\Camera\Camera.cpp">
      <Filter>Source Files</Filter>
    </ClCompile>
    <ClCompile Include="Game\Camera\Camera.ixx">
      <Filter>Source Files</Filter>
    </ClCompile>
    <ClCompile Include="Game\Camera\CameraController.cpp">
      <Filter>Source Files</Filter>
    </ClCompile>
    <ClCompile Include="Game\Camera\CameraController.ixx">
      <Filter>Source Files</Filter>
    </ClCompile>
    <ClCompile Include="Game\Drawable\Drawable.cpp">
      <Filter>Source Files</Filter>
    </ClCompile>
    <ClCompile Include="Game\Drawable\Drawable.ixx">
      <Filter>Source Files</Filter>
    </ClCompile>
    <ClCompile Include="Game\Drawable\DrawableBase.ixx">
      <Filter>Source Files</Filter>
    </ClCompile>
    <ClCompile Include="Game\Drawable\Star\Filled\StarFilledBlend.cpp">
      <Filter>Source Files</Filter>
    </ClCompile>
    <ClCompile Include="Game\Drawable\Star\Filled\StarFilledBlend.ixx">
      <Filter>Source Files</Filter>
    </ClCompile>
    <ClCompile Include="Game\Drawable\Star\Filled\StarFilledMulti.cpp">
      <Filter>Source Files</Filter>
    </ClCompile>
    <ClCompile Include="Game\Drawable\Star\Filled\StarFilledMulti.ixx">
      <Filter>Source Files</Filter>
    </ClCompile>
    <ClCompile Include="Game\Drawable\Star\Filled\StarFilledSingle.cpp">
      <Filter>Source Files</Filter>
    </ClCompile>
    <ClCompile Include="Game\Drawable\Star\Filled\StarFilledSingle.ixx">
      <Filter>Source Files</Filter>
    </ClCompile>
    <ClCompile Include="Game\Drawable\Star\Hollow\StarHollowBlend.cpp">
      <Filter>Source Files</Filter>
    </ClCompile>
    <ClCompile Include="Game\Drawable\Star\Hollow\StarHollowBlend.ixx">
      <Filter>Source Files</Filter>
    </ClCompile>
    <ClCompile Include="Game\Drawable\Star\Hollow\StarHollowMulti.cpp">
      <Filter>Source Files</Filter>
    </ClCompile>
    <ClCompile Include="Game\Drawable\Star\Hollow\StarHollowMulti.ixx">
      <Filter>Source Files</Filter>
    </ClCompile>
    <ClCompile Include="Game\Drawable\Star\Hollow\StarHollowSingle.cpp">
      <Filter>Source Files</Filter>
    </ClCompile>
    <ClCompile Include="Game\Drawable\Star\Hollow\StarHollowSingle.ixx">
      <Filter>Source Files</Filter>
    </ClCompile>
    <ClCompile Include="Game\Drawable\Star\Star.cpp">
      <Filter>Source Files</Filter>
    </ClCompile>
    <ClCompile Include="Game\Drawable\Star\Star.ixx">
      <Filter>Source Files</Filter>
    </ClCompile>
    <ClCompile Include="Game\Drawable\Star\StarBase.ixx">
      <Filter>Source Files</Filter>
    </ClCompile>
    <ClCompile Include="Game\StarRealm.cpp">
      <Filter>Source Files</Filter>
    </ClCompile>
    <ClCompile Include="Game\StarRealm.ixx">
      <Filter>Source Files</Filter>
    </ClCompile>
    <ClCompile Include="Math\FatMath.ixx">
      <Filter>Source Files</Filter>
    </ClCompile>
    <ClCompile Include="Util\FatColor.ixx">
      <Filter>Source Files</Filter>
    </ClCompile>
    <ClCompile Include="Util\FatTimer.cpp">
      <Filter>Source Files</Filter>
    </ClCompile>
    <ClCompile Include="Util\FatTimer.ixx">
      <Filter>Source Files</Filter>
    </ClCompile>
    <ClCompile Include="Win32_\DirectX11\D3D11Graphics.cpp">
      <Filter>Source Files</Filter>
    </ClCompile>
    <ClCompile Include="Win32_\DirectX11\D3D11Graphics.ixx">
      <Filter>Source Files</Filter>
    </ClCompile>
    <ClCompile Include="Win32_\DirectX11\D3D11Window.cpp">
      <Filter>Source Files</Filter>
    </ClCompile>
    <ClCompile Include="Win32_\DirectX11\D3D11Window.ixx">
      <Filter>Source Files</Filter>
    </ClCompile>
    <ClCompile Include="Win32_\IO\Keyboard.cpp">
      <Filter>Source Files</Filter>
    </ClCompile>
    <ClCompile Include="Win32_\IO\Keyboard.ixx">
      <Filter>Source Files</Filter>
    </ClCompile>
    <ClCompile Include="Win32_\IO\Mouse.cpp">
      <Filter>Source Files</Filter>
    </ClCompile>
    <ClCompile Include="Win32_\IO\Mouse.ixx">
      <Filter>Source Files</Filter>
    </ClCompile>
  </ItemGroup>
  <ItemGroup>
    <ClInclude Include="Win32_\FatWin32_.hpp">
      <Filter>Header Files</Filter>
    </ClInclude>
  </ItemGroup>
  <ItemGroup>
    <FxCompile Include="Win32_\DirectX11\Shader\PSColorBlend.hlsl" />
    <FxCompile Include="Win32_\DirectX11\Shader\PSColorIndexed.hlsl" />
    <FxCompile Include="Win32_\DirectX11\Shader\PSColorSingle.hlsl" />
    <FxCompile Include="Win32_\DirectX11\Shader\VSColorBlend.hlsl" />
    <FxCompile Include="Win32_\DirectX11\Shader\VSColorIndexed.hlsl" />
    <FxCompile Include="Win32_\DirectX11\Shader\VSColorSingle.hlsl" />
  </ItemGroup>
</Project>