<?xml version="1.0" encoding="utf-8"?>
<Project ToolsVersion="4.0" xmlns="http://schemas.microsoft.com/developer/msbuild/2003">
  <ItemGroup>
    <Filter Include="Source Files">
      <UniqueIdentifier>{4FC737F1-C7A5-4376-A066-2A32D752A2FF}</UniqueIdentifier>
      <Extensions>cpp;c;cc;cxx;c++;cppm;ixx;def;odl;idl;hpj;bat;asm;asmx</Extensions>
    </Filter>
    <Filter Include="Header Files">
      <UniqueIdentifier>{93995380-89BD-4b04-88EB-625FBE52EBFB}</UniqueIdentifier>
      <Extensions>h;hh;hpp;hxx;h++;hm;inl;inc;ipp;xsd</Extensions>
    </Filter>
    <Filter Include="Resource Files">
      <UniqueIdentifier>{67DA6AB6-F800-4c08-8B7A-83BB121AAD01}</UniqueIdentifier>
      <Extensions>rc;ico;cur;bmp;dlg;rc2;rct;bin;rgs;gif;jpg;jpeg;jpe;resx;tiff;tif;png;wav;mfcribbon-ms</Extensions>
    </Filter>
  </ItemGroup>
  <ItemGroup>
    <ClCompile Include="wWinMain.cpp">
      <Filter>Source Files</Filter>
    </ClCompile>
    <ClCompile Include="Win32_\DirectX\Direct3D11\Pipeline\Bindable.cpp">
      <Filter>Source Files</Filter>
    </ClCompile>
    <ClCompile Include="Win32_\DirectX\Direct3D11\Pipeline\Bindable.ixx">
      <Filter>Source Files</Filter>
    </ClCompile>
    <ClCompile Include="Win32_\DirectX\Direct3D11\Pipeline\IndexBuffer.cpp">
      <Filter>Source Files</Filter>
    </ClCompile>
    <ClCompile Include="Win32_\DirectX\Direct3D11\Pipeline\IndexBuffer.ixx">
      <Filter>Source Files</Filter>
    </ClCompile>
    <ClCompile Include="Win32_\DirectX\Direct3D11\Pipeline\InputLayout.cpp">
      <Filter>Source Files</Filter>
    </ClCompile>
    <ClCompile Include="Win32_\DirectX\Direct3D11\Pipeline\InputLayout.ixx">
      <Filter>Source Files</Filter>
    </ClCompile>
    <ClCompile Include="Win32_\DirectX\Direct3D11\Pipeline\PixelShader.cpp">
      <Filter>Source Files</Filter>
    </ClCompile>
    <ClCompile Include="Win32_\DirectX\Direct3D11\Pipeline\PixelShader.ixx">
      <Filter>Source Files</Filter>
    </ClCompile>
    <ClCompile Include="Win32_\DirectX\Direct3D11\Pipeline\Topology.cpp">
      <Filter>Source Files</Filter>
    </ClCompile>
    <ClCompile Include="Win32_\DirectX\Direct3D11\Pipeline\Topology.ixx">
      <Filter>Source Files</Filter>
    </ClCompile>
    <ClCompile Include="Win32_\DirectX\Direct3D11\Pipeline\VertexBuffer.cpp">
      <Filter>Source Files</Filter>
    </ClCompile>
    <ClCompile Include="Win32_\DirectX\Direct3D11\Pipeline\VertexBuffer.ixx">
      <Filter>Source Files</Filter>
    </ClCompile>
    <ClCompile Include="Win32_\DirectX\Direct3D11\Pipeline\VertexShader.cpp">
      <Filter>Source Files</Filter>
    </ClCompile>
    <ClCompile Include="Win32_\DirectX\Direct3D11\Pipeline\VertexShader.ixx">
      <Filter>Source Files</Filter>
    </ClCompile>
    <ClCompile Include="Win32_\DirectX\Direct3D11\Visual\Drawable.cpp">
      <Filter>Source Files</Filter>
    </ClCompile>
    <ClCompile Include="Win32_\DirectX\Direct3D11\Visual\Drawable.ixx">
      <Filter>Source Files</Filter>
    </ClCompile>
    <ClCompile Include="Win32_\DirectX\Direct3D11\Visual\DrawableBase.ixx">
      <Filter>Source Files</Filter>
    </ClCompile>
    <ClCompile Include="Game\StarRealm.cpp">
      <Filter>Source Files</Filter>
    </ClCompile>
    <ClCompile Include="Game\StarRealm.ixx">
      <Filter>Source Files</Filter>
    </ClCompile>
    <ClCompile Include="Win32_\DirectX\Direct3D11\Graphics.cpp">
      <Filter>Source Files</Filter>
    </ClCompile>
    <ClCompile Include="Win32_\DirectX\Direct3D11\Graphics.ixx">
      <Filter>Source Files</Filter>
    </ClCompile>
    <ClCompile Include="Win32_\Window.cpp">
      <Filter>Source Files</Filter>
    </ClCompile>
    <ClCompile Include="Win32_\Window.ixx">
      <Filter>Source Files</Filter>
    </ClCompile>
    <ClCompile Include="Win32_\IO\Keyboard.cpp">
      <Filter>Source Files</Filter>
    </ClCompile>
    <ClCompile Include="Win32_\IO\Keyboard.ixx">
      <Filter>Source Files</Filter>
    </ClCompile>
    <ClCompile Include="Win32_\IO\Mouse.cpp">
      <Filter>Source Files</Filter>
    </ClCompile>
    <ClCompile Include="Win32_\IO\Mouse.ixx">
      <Filter>Source Files</Filter>
    </ClCompile>
    <ClCompile Include="Util\AutoTimer.cpp">
      <Filter>Source Files</Filter>
    </ClCompile>
    <ClCompile Include="Util\AutoTimer.ixx">
      <Filter>Source Files</Filter>
    </ClCompile>
    <ClCompile Include="Util\Util.ixx">
      <Filter>Source Files</Filter>
    </ClCompile>
    <ClCompile Include="Win32_\DirectX\Direct3D11\Direct3D11.ixx">
      <Filter>Source Files</Filter>
    </ClCompile>
    <ClCompile Include="Win32_\DirectX\Direct3D11\Pipeline\Pipeline.ixx">
      <Filter>Source Files</Filter>
    </ClCompile>
    <ClCompile Include="Util\Camera\Camera.cpp">
      <Filter>Source Files</Filter>
    </ClCompile>
    <ClCompile Include="Util\Camera\Camera.ixx">
      <Filter>Source Files</Filter>
    </ClCompile>
    <ClCompile Include="Util\Camera\CameraController.cpp">
      <Filter>Source Files</Filter>
    </ClCompile>
    <ClCompile Include="Util\Camera\CameraController.ixx">
      <Filter>Source Files</Filter>
    </ClCompile>
    <ClCompile Include="Math\Math.ixx">
      <Filter>Source Files</Filter>
    </ClCompile>
    <ClCompile Include="Util\Color.ixx">
      <Filter>Source Files</Filter>
    </ClCompile>
    <ClCompile Include="Win32_\DirectX\Direct3D11\Visual\Visual.ixx">
      <Filter>Source Files</Filter>
    </ClCompile>
    <ClCompile Include="Win32_\IO\IO.ixx">
      <Filter>Source Files</Filter>
    </ClCompile>
    <ClCompile Include="Game\Entity\Entity.ixx">
      <Filter>Source Files</Filter>
    </ClCompile>
    <ClCompile Include="Win32_\Win32.ixx">
      <Filter>Source Files</Filter>
    </ClCompile>
    <ClCompile Include="Game\Entity\Star\Examples\Examples.ixx">
      <Filter>Source Files</Filter>
    </ClCompile>
    <ClCompile Include="Game\Entity\Star\Examples\Filled\FilledBlend.cpp">
      <Filter>Source Files</Filter>
    </ClCompile>
    <ClCompile Include="Game\Entity\Star\Examples\Filled\FilledBlend.ixx">
      <Filter>Source Files</Filter>
    </ClCompile>
    <ClCompile Include="Game\Entity\Star\Examples\Filled\FilledMulti.cpp">
      <Filter>Source Files</Filter>
    </ClCompile>
    <ClCompile Include="Game\Entity\Star\Examples\Filled\FilledMulti.ixx">
      <Filter>Source Files</Filter>
    </ClCompile>
    <ClCompile Include="Game\Entity\Star\Examples\Filled\FilledSingle.cpp">
      <Filter>Source Files</Filter>
    </ClCompile>
    <ClCompile Include="Game\Entity\Star\Examples\Filled\FilledSingle.ixx">
      <Filter>Source Files</Filter>
    </ClCompile>
    <ClCompile Include="Game\Entity\Star\Examples\Hollow\HollowBlend.cpp">
      <Filter>Source Files</Filter>
    </ClCompile>
    <ClCompile Include="Game\Entity\Star\Examples\Hollow\HollowBlend.ixx">
      <Filter>Source Files</Filter>
    </ClCompile>
    <ClCompile Include="Game\Entity\Star\Examples\Hollow\HollowMulti.cpp">
      <Filter>Source Files</Filter>
    </ClCompile>
    <ClCompile Include="Game\Entity\Star\Examples\Hollow\HollowMulti.ixx">
      <Filter>Source Files</Filter>
    </ClCompile>
    <ClCompile Include="Game\Entity\Star\Examples\Hollow\HollowSingle.cpp">
      <Filter>Source Files</Filter>
    </ClCompile>
    <ClCompile Include="Game\Entity\Star\Examples\Hollow\HollowSingle.ixx">
      <Filter>Source Files</Filter>
    </ClCompile>
    <ClCompile Include="Game\Entity\Star\Star.cpp">
      <Filter>Source Files</Filter>
    </ClCompile>
    <ClCompile Include="Game\Entity\Star\Star.ixx">
      <Filter>Source Files</Filter>
    </ClCompile>
    <ClCompile Include="Game\Entity\Star\StarBase.ixx">
      <Filter>Source Files</Filter>
    </ClCompile>
    <ClCompile Include="Game\Entity\Star\Style\Type\FilledBase.ixx">
      <Filter>Source Files</Filter>
    </ClCompile>
    <ClCompile Include="Game\Entity\Star\Style\Type\HollowBase.ixx">
      <Filter>Source Files</Filter>
    </ClCompile>
    <ClCompile Include="Game\Entity\Star\Style\Effect\BlendBase.ixx">
      <Filter>Source Files</Filter>
    </ClCompile>
    <ClCompile Include="Game\Entity\Star\Style\Effect\MultiColorBase.ixx">
      <Filter>Source Files</Filter>
    </ClCompile>
    <ClCompile Include="Game\Entity\Star\Style\Effect\SingleColorBase.ixx">
      <Filter>Source Files</Filter>
    </ClCompile>
    <ClCompile Include="Game\Entity\Star\Style\Effect\ColorBase.ixx">
      <Filter>Source Files</Filter>
    </ClCompile>
    <ClCompile Include="Game\Entity\Star\Style\Style.ixx">
      <Filter>Source Files</Filter>
    </ClCompile>
    <ClCompile Include="Game\StarFactory.ixx">
      <Filter>Source Files</Filter>
    </ClCompile>
    <ClCompile Include="Game\StarFactory.cpp">
      <Filter>Source Files</Filter>
    </ClCompile>
    <ClCompile Include="Game\Entity\Star\Examples\Hollow\HollowExamples.ixx">
      <Filter>Source Files</Filter>
    </ClCompile>
    <ClCompile Include="Game\Entity\Star\Examples\Filled\FilledExamples.ixx">
      <Filter>Source Files</Filter>
    </ClCompile>
    <ClCompile Include="Game\Entity\Star\Style\Effect\Effect.ixx">
      <Filter>Source Files</Filter>
    </ClCompile>
    <ClCompile Include="Game\Entity\Star\Style\Type\Type.ixx">
      <Filter>Source Files</Filter>
    </ClCompile>
    <ClCompile Include="Math\Math.cpp">
      <Filter>Source Files</Filter>
    </ClCompile>
    <ClCompile Include="Win32_\DirectX\Direct3D11\Pipeline\Resource\CBuffer.ixx">
      <Filter>Source Files</Filter>
    </ClCompile>
    <ClCompile Include="Win32_\DirectX\Direct3D11\Pipeline\Resource\PixelCBuffer.ixx">
      <Filter>Source Files</Filter>
    </ClCompile>
    <ClCompile Include="Win32_\DirectX\Direct3D11\Pipeline\Resource\PixelSBuffer.ixx">
      <Filter>Source Files</Filter>
    </ClCompile>
    <ClCompile Include="Win32_\DirectX\Direct3D11\Pipeline\Resource\Resource.ixx">
      <Filter>Source Files</Filter>
    </ClCompile>
    <ClCompile Include="Win32_\DirectX\Direct3D11\Pipeline\Resource\SBuffer.ixx">
      <Filter>Source Files</Filter>
    </ClCompile>
    <ClCompile Include="Win32_\DirectX\Direct3D11\Pipeline\Resource\TransformCBuffer.ixx">
      <Filter>Source Files</Filter>
    </ClCompile>
    <ClCompile Include="Win32_\DirectX\Direct3D11\Pipeline\Resource\VertexCBuffer.ixx">
      <Filter>Source Files</Filter>
    </ClCompile>
    <ClCompile Include="Win32_\DirectX\DirectX.ixx">
      <Filter>Source Files</Filter>
    </ClCompile>
    <ClCompile Include="Game\Entity\Star\Style\Type\TypeBase.ixx">
      <Filter>Source Files</Filter>
    </ClCompile>
    <ClCompile Include="Game\Entity\Star\Style\Effect\EffectBase.ixx">
      <Filter>Source Files</Filter>
    </ClCompile>
  </ItemGroup>
  <ItemGroup>
    <ClInclude Include="Win32_\FatWin32_.hpp">
      <Filter>Header Files</Filter>
    </ClInclude>
    <ClInclude Include="Win32_\FatWin32_Namespaces.hpp">
      <Filter>Header Files</Filter>
    </ClInclude>
  </ItemGroup>
  <ItemGroup>
    <FxCompile Include="Win32_\DirectX\Direct3D11\Shader\PSColorBlend.hlsl" />
    <FxCompile Include="Win32_\DirectX\Direct3D11\Shader\PSColorSingle.hlsl" />
    <FxCompile Include="Win32_\DirectX\Direct3D11\Shader\VSColorBlend.hlsl" />
    <FxCompile Include="Win32_\DirectX\Direct3D11\Shader\VSColorSingle.hlsl" />
    <FxCompile Include="Win32_\DirectX\Direct3D11\Shader\PSColorMulti.hlsl" />
    <FxCompile Include="Win32_\DirectX\Direct3D11\Shader\VSColorMulti.hlsl" />
  </ItemGroup>
</Project>