<?xml version="1.0" encoding="utf-8"?>
<Project ToolsVersion="4.0" xmlns="http://schemas.microsoft.com/developer/msbuild/2003">
  <ItemGroup>
    <Filter Include="Source Files">
      <UniqueIdentifier>{4FC737F1-C7A5-4376-A066-2A32D752A2FF}</UniqueIdentifier>
      <Extensions>cpp;c;cc;cxx;c++;cppm;ixx;def;odl;idl;hpj;bat;asm;asmx</Extensions>
    </Filter>
    <Filter Include="Header Files">
      <UniqueIdentifier>{93995380-89BD-4b04-88EB-625FBE52EBFB}</UniqueIdentifier>
      <Extensions>h;hh;hpp;hxx;h++;hm;inl;inc;ipp;xsd</Extensions>
    </Filter>
    <Filter Include="Resource Files">
      <UniqueIdentifier>{67DA6AB6-F800-4c08-8B7A-83BB121AAD01}</UniqueIdentifier>
      <Extensions>rc;ico;cur;bmp;dlg;rc2;rct;bin;rgs;gif;jpg;jpeg;jpe;resx;tiff;tif;png;wav;mfcribbon-ms</Extensions>
    </Filter>
  </ItemGroup>
  <ItemGroup>
    <ClCompile Include="Math\Math.cxx">
      <Filter>Source Files</Filter>
    </ClCompile>
    <ClCompile Include="Math\Math.ixx">
      <Filter>Source Files</Filter>
    </ClCompile>
    <ClCompile Include="Util\AutoTimer.cxx">
      <Filter>Source Files</Filter>
    </ClCompile>
    <ClCompile Include="Util\AutoTimer.ixx">
      <Filter>Source Files</Filter>
    </ClCompile>
    <ClCompile Include="Util\Camera.cxx">
      <Filter>Source Files</Filter>
    </ClCompile>
    <ClCompile Include="Util\Camera.ixx">
      <Filter>Source Files</Filter>
    </ClCompile>
    <ClCompile Include="Util\CameraController.cxx">
      <Filter>Source Files</Filter>
    </ClCompile>
    <ClCompile Include="Util\CameraController.ixx">
      <Filter>Source Files</Filter>
    </ClCompile>
    <ClCompile Include="Util\Color.ixx">
      <Filter>Source Files</Filter>
    </ClCompile>
    <ClCompile Include="Util\Util.ixx">
      <Filter>Source Files</Filter>
    </ClCompile>
    <ClCompile Include="Win32_\DirectX\D3D11\Factory\DepthStencilState.cxx">
      <Filter>Source Files</Filter>
    </ClCompile>
    <ClCompile Include="Win32_\DirectX\D3D11\Factory\DepthStencilState.ixx">
      <Filter>Source Files</Filter>
    </ClCompile>
    <ClCompile Include="Win32_\DirectX\D3D11\Factory\DepthStencilView.cxx">
      <Filter>Source Files</Filter>
    </ClCompile>
    <ClCompile Include="Win32_\DirectX\D3D11\Factory\DepthStencilView.ixx">
      <Filter>Source Files</Filter>
    </ClCompile>
    <ClCompile Include="Win32_\DirectX\D3D11\Factory\DeviceAndSwapChain.cxx">
      <Filter>Source Files</Filter>
    </ClCompile>
    <ClCompile Include="Win32_\DirectX\D3D11\Factory\DeviceAndSwapChain.ixx">
      <Filter>Source Files</Filter>
    </ClCompile>
    <ClCompile Include="Win32_\DirectX\D3D11\Factory\Factory.ixx">
      <Filter>Source Files</Filter>
    </ClCompile>
    <ClCompile Include="Win32_\DirectX\D3D11\Factory\RasterizerState.cxx">
      <Filter>Source Files</Filter>
    </ClCompile>
    <ClCompile Include="Win32_\DirectX\D3D11\Factory\RasterizerState.ixx">
      <Filter>Source Files</Filter>
    </ClCompile>
    <ClCompile Include="Win32_\DirectX\D3D11\Factory\RenderTargetView.cxx">
      <Filter>Source Files</Filter>
    </ClCompile>
    <ClCompile Include="Win32_\DirectX\D3D11\Factory\RenderTargetView.ixx">
      <Filter>Source Files</Filter>
    </ClCompile>
    <ClCompile Include="Win32_\DirectX\D3D11\Factory\Texture2D.cxx">
      <Filter>Source Files</Filter>
    </ClCompile>
    <ClCompile Include="Win32_\DirectX\D3D11\Factory\Texture2D.ixx">
      <Filter>Source Files</Filter>
    </ClCompile>
    <ClCompile Include="Win32_\DirectX\D3D11\Pipeline\Element\Element.ixx">
      <Filter>Source Files</Filter>
    </ClCompile>
    <ClCompile Include="Win32_\DirectX\D3D11\Pipeline\Element\IndexBuffer.cxx">
      <Filter>Source Files</Filter>
    </ClCompile>
    <ClCompile Include="Win32_\DirectX\D3D11\Pipeline\Element\IndexBuffer.ixx">
      <Filter>Source Files</Filter>
    </ClCompile>
    <ClCompile Include="Win32_\DirectX\D3D11\Pipeline\Element\InputLayout.cxx">
      <Filter>Source Files</Filter>
    </ClCompile>
    <ClCompile Include="Win32_\DirectX\D3D11\Pipeline\Element\InputLayout.ixx">
      <Filter>Source Files</Filter>
    </ClCompile>
    <ClCompile Include="Win32_\DirectX\D3D11\Pipeline\Element\PixelShader.cxx">
      <Filter>Source Files</Filter>
    </ClCompile>
    <ClCompile Include="Win32_\DirectX\D3D11\Pipeline\Element\PixelShader.ixx">
      <Filter>Source Files</Filter>
    </ClCompile>
    <ClCompile Include="Win32_\DirectX\D3D11\Pipeline\Element\Topology.cxx">
      <Filter>Source Files</Filter>
    </ClCompile>
    <ClCompile Include="Win32_\DirectX\D3D11\Pipeline\Element\Topology.ixx">
      <Filter>Source Files</Filter>
    </ClCompile>
    <ClCompile Include="Win32_\DirectX\D3D11\Pipeline\Element\VertexBuffer.cxx">
      <Filter>Source Files</Filter>
    </ClCompile>
    <ClCompile Include="Win32_\DirectX\D3D11\Pipeline\Element\VertexBuffer.ixx">
      <Filter>Source Files</Filter>
    </ClCompile>
    <ClCompile Include="Win32_\DirectX\D3D11\Pipeline\Element\VertexShader.cxx">
      <Filter>Source Files</Filter>
    </ClCompile>
    <ClCompile Include="Win32_\DirectX\D3D11\Pipeline\Element\VertexShader.ixx">
      <Filter>Source Files</Filter>
    </ClCompile>
    <ClCompile Include="Win32_\DirectX\D3D11\Pipeline\Resource\CBuffer.ixx">
      <Filter>Source Files</Filter>
    </ClCompile>
    <ClCompile Include="Win32_\DirectX\D3D11\Pipeline\Resource\PixelCBuffer.ixx">
      <Filter>Source Files</Filter>
    </ClCompile>
    <ClCompile Include="Win32_\DirectX\D3D11\Pipeline\Resource\PixelSBuffer.ixx">
      <Filter>Source Files</Filter>
    </ClCompile>
    <ClCompile Include="Win32_\DirectX\D3D11\Pipeline\Resource\Resource.ixx">
      <Filter>Source Files</Filter>
    </ClCompile>
    <ClCompile Include="Win32_\DirectX\D3D11\Pipeline\Resource\SBuffer.ixx">
      <Filter>Source Files</Filter>
    </ClCompile>
    <ClCompile Include="Win32_\DirectX\D3D11\Pipeline\Resource\TransformCBuffer.ixx">
      <Filter>Source Files</Filter>
    </ClCompile>
    <ClCompile Include="Win32_\DirectX\D3D11\Pipeline\Resource\VertexCBuffer.ixx">
      <Filter>Source Files</Filter>
    </ClCompile>
    <ClCompile Include="Win32_\DirectX\D3D11\Pipeline\System\DepthStencil.cxx">
      <Filter>Source Files</Filter>
    </ClCompile>
    <ClCompile Include="Win32_\DirectX\D3D11\Pipeline\System\DepthStencil.ixx">
      <Filter>Source Files</Filter>
    </ClCompile>
    <ClCompile Include="Win32_\DirectX\D3D11\Pipeline\System\Rasterizer.cxx">
      <Filter>Source Files</Filter>
    </ClCompile>
    <ClCompile Include="Win32_\DirectX\D3D11\Pipeline\System\Rasterizer.ixx">
      <Filter>Source Files</Filter>
    </ClCompile>
    <ClCompile Include="Win32_\DirectX\D3D11\Pipeline\System\RenderTarget.ixx">
      <Filter>Source Files</Filter>
    </ClCompile>
    <ClCompile Include="Win32_\DirectX\D3D11\Pipeline\System\System.ixx">
      <Filter>Source Files</Filter>
    </ClCompile>
    <ClCompile Include="Win32_\DirectX\D3D11\Pipeline\System\Viewport.cxx">
      <Filter>Source Files</Filter>
    </ClCompile>
    <ClCompile Include="Win32_\DirectX\D3D11\Pipeline\System\Viewport.ixx">
      <Filter>Source Files</Filter>
    </ClCompile>
    <ClCompile Include="Win32_\DirectX\D3D11\Pipeline\Bindable.cxx">
      <Filter>Source Files</Filter>
    </ClCompile>
    <ClCompile Include="Win32_\DirectX\D3D11\Pipeline\Bindable.ixx">
      <Filter>Source Files</Filter>
    </ClCompile>
    <ClCompile Include="Win32_\DirectX\D3D11\Pipeline\Pipeline.ixx">
      <Filter>Source Files</Filter>
    </ClCompile>
    <ClCompile Include="Win32_\DirectX\D3D11\Visual\Drawable.cxx">
      <Filter>Source Files</Filter>
    </ClCompile>
    <ClCompile Include="Win32_\DirectX\D3D11\Visual\Drawable.ixx">
      <Filter>Source Files</Filter>
    </ClCompile>
    <ClCompile Include="Win32_\DirectX\D3D11\Visual\DrawableBase.ixx">
      <Filter>Source Files</Filter>
    </ClCompile>
    <ClCompile Include="Win32_\DirectX\D3D11\Visual\Visual.ixx">
      <Filter>Source Files</Filter>
    </ClCompile>
    <ClCompile Include="Win32_\DirectX\D3D11\D3D11.ixx">
      <Filter>Source Files</Filter>
    </ClCompile>
    <ClCompile Include="Win32_\DirectX\D3D11\Graphics.cxx">
      <Filter>Source Files</Filter>
    </ClCompile>
    <ClCompile Include="Win32_\DirectX\D3D11\Graphics.ixx">
      <Filter>Source Files</Filter>
    </ClCompile>
    <ClCompile Include="Win32_\DirectX\DirectX.ixx">
      <Filter>Source Files</Filter>
    </ClCompile>
    <ClCompile Include="Win32_\IO\IO.ixx">
      <Filter>Source Files</Filter>
    </ClCompile>
    <ClCompile Include="Win32_\IO\Keyboard.cxx">
      <Filter>Source Files</Filter>
    </ClCompile>
    <ClCompile Include="Win32_\IO\Keyboard.ixx">
      <Filter>Source Files</Filter>
    </ClCompile>
    <ClCompile Include="Win32_\IO\Mouse.cxx">
      <Filter>Source Files</Filter>
    </ClCompile>
    <ClCompile Include="Win32_\IO\Mouse.ixx">
      <Filter>Source Files</Filter>
    </ClCompile>
    <ClCompile Include="Win32_\Win32.ixx">
      <Filter>Source Files</Filter>
    </ClCompile>
    <ClCompile Include="Win32_\Window.cxx">
      <Filter>Source Files</Filter>
    </ClCompile>
    <ClCompile Include="Win32_\Window.ixx">
      <Filter>Source Files</Filter>
    </ClCompile>
    <ClCompile Include="FatPound.ixx">
      <Filter>Source Files</Filter>
    </ClCompile>
    <ClCompile Include="Win32_\DirectX\D3D11\Pipeline\StaticBindableVec.ixx">
      <Filter>Source Files</Filter>
    </ClCompile>
    <ClCompile Include="Win32_\DirectX\D3D11\GraphicsResource.ixx">
      <Filter>Source Files</Filter>
    </ClCompile>
    <ClCompile Include="Win32_\DirectX\D3D11\Factory\SamplerState.cxx">
      <Filter>Source Files</Filter>
    </ClCompile>
    <ClCompile Include="Win32_\DirectX\D3D11\Factory\SamplerState.ixx">
      <Filter>Source Files</Filter>
    </ClCompile>
    <ClCompile Include="Win32_\DirectX\D3D11\Factory\ShaderResourceView.cxx">
      <Filter>Source Files</Filter>
    </ClCompile>
    <ClCompile Include="Win32_\DirectX\D3D11\Factory\ShaderResourceView.ixx">
      <Filter>Source Files</Filter>
    </ClCompile>
    <ClCompile Include="Win32_\DirectX\D3D11\Pipeline\System\Sampler.cxx">
      <Filter>Source Files</Filter>
    </ClCompile>
    <ClCompile Include="Win32_\DirectX\D3D11\Pipeline\System\Sampler.ixx">
      <Filter>Source Files</Filter>
    </ClCompile>
    <ClCompile Include="Win32_\DirectX\D3D11\Pipeline\System\ShaderResource.ixx">
      <Filter>Source Files</Filter>
    </ClCompile>
  </ItemGroup>
  <ItemGroup>
    <ClInclude Include="Win32_\FatWin32_.hpp">
      <Filter>Header Files</Filter>
    </ClInclude>
    <ClInclude Include="Win32_\FatWin32_Namespaces.hpp">
      <Filter>Header Files</Filter>
    </ClInclude>
    <ClInclude Include="Win32_\FatWin32_Settings.hpp">
      <Filter>Header Files</Filter>
    </ClInclude>
  </ItemGroup>
  <ItemGroup>
    <None Include="FatSettings.props" />
    <None Include="FatSettings_Debug.props" />
    <None Include="FatSettings_Release.props" />
    <None Include="FatRules.ruleset" />
  </ItemGroup>
</Project>